
Microsoft Visual Studio Solution File, Format Version 12.00
# Visual Studio Version 17
VisualStudioVersion = 17.1.32421.90
MinimumVisualStudioVersion = 10.0.40219.1
Project("{9A19103F-16F7-4668-BE54-9A1E7A4F7556}") = "CloudPlatformDemo", "src\CloudPlatformDemo\CloudPlatformDemo.csproj", "{2DA8A923-42D1-4483-8804-515A28D90619}"
EndProject
Project("{9A19103F-16F7-4668-BE54-9A1E7A4F7556}") = "_build", "build\_build.csproj", "{DAD3677D-7C08-4EB3-B734-531F3030FE31}"
EndProject
Project("{FAE04EC0-301F-11D3-BF4B-00C04F79EFBC}") = "config", "config\config.csproj", "{F6F37344-75A8-4B15-922C-2A4EF61AF7A0}"
EndProject
Project("{FAE04EC0-301F-11D3-BF4B-00C04F79EFBC}") = "Microsoft.Azure.SpringCloud.Client", "src\Microsoft.Azure.SpringCloud.Client\Microsoft.Azure.SpringCloud.Client.csproj", "{9E5146B8-9E91-48E0-8586-204540A78740}"
EndProject
Project("{2150E333-8FDC-42A3-9474-1A3956D46DE8}") = "src", "src", "{C11A3553-9461-4FA1-931A-DD48ED5C863C}"
EndProject
Project("{FAE04EC0-301F-11D3-BF4B-00C04F79EFBC}") = "Steeltoe.Workarounds", "src\Steeltoe.Workarounds\Steeltoe.Workarounds.csproj", "{C9457541-C47A-4B6C-A27C-1BD9445C5E17}"
EndProject
Project("{2150E333-8FDC-42A3-9474-1A3956D46DE8}") = "solution", "solution", "{7FD7898E-C2B1-41DE-8850-8A160A99F1DD}"
	ProjectSection(SolutionItems) = preProject
		docker-compose.yaml = docker-compose.yaml
		manifest.yml = manifest.yml
		nuget.config = nuget.config
	EndProjectSection
EndProject
Global
	GlobalSection(SolutionConfigurationPlatforms) = preSolution
		Debug|Any CPU = Debug|Any CPU
		Release|Any CPU = Release|Any CPU
	EndGlobalSection
	GlobalSection(ProjectConfigurationPlatforms) = postSolution
		{2DA8A923-42D1-4483-8804-515A28D90619}.Debug|Any CPU.ActiveCfg = Debug|Any CPU
		{2DA8A923-42D1-4483-8804-515A28D90619}.Debug|Any CPU.Build.0 = Debug|Any CPU
		{2DA8A923-42D1-4483-8804-515A28D90619}.Release|Any CPU.ActiveCfg = Release|Any CPU
		{2DA8A923-42D1-4483-8804-515A28D90619}.Release|Any CPU.Build.0 = Release|Any CPU
		{DAD3677D-7C08-4EB3-B734-531F3030FE31}.Debug|Any CPU.ActiveCfg = Debug|Any CPU
		{DAD3677D-7C08-4EB3-B734-531F3030FE31}.Release|Any CPU.ActiveCfg = Release|Any CPU
		{F6F37344-75A8-4B15-922C-2A4EF61AF7A0}.Debug|Any CPU.ActiveCfg = Debug|Any CPU
		{F6F37344-75A8-4B15-922C-2A4EF61AF7A0}.Release|Any CPU.ActiveCfg = Release|Any CPU
		{9E5146B8-9E91-48E0-8586-204540A78740}.Debug|Any CPU.ActiveCfg = Debug|Any CPU
		{9E5146B8-9E91-48E0-8586-204540A78740}.Debug|Any CPU.Build.0 = Debug|Any CPU
		{9E5146B8-9E91-48E0-8586-204540A78740}.Release|Any CPU.ActiveCfg = Release|Any CPU
		{9E5146B8-9E91-48E0-8586-204540A78740}.Release|Any CPU.Build.0 = Release|Any CPU
		{C9457541-C47A-4B6C-A27C-1BD9445C5E17}.Debug|Any CPU.ActiveCfg = Debug|Any CPU
		{C9457541-C47A-4B6C-A27C-1BD9445C5E17}.Debug|Any CPU.Build.0 = Debug|Any CPU
		{C9457541-C47A-4B6C-A27C-1BD9445C5E17}.Release|Any CPU.ActiveCfg = Release|Any CPU
		{C9457541-C47A-4B6C-A27C-1BD9445C5E17}.Release|Any CPU.Build.0 = Release|Any CPU
	EndGlobalSection
	GlobalSection(SolutionProperties) = preSolution
		HideSolutionNode = FALSE
	EndGlobalSection
	GlobalSection(ExtensibilityGlobals) = postSolution
		SolutionGuid = {F2B2B939-0F0E-4785-8A5A-3478BB715FFF}
	EndGlobalSection
	GlobalSection(NestedProjects) = preSolution
		{2DA8A923-42D1-4483-8804-515A28D90619} = {C11A3553-9461-4FA1-931A-DD48ED5C863C}
		{9E5146B8-9E91-48E0-8586-204540A78740} = {C11A3553-9461-4FA1-931A-DD48ED5C863C}
		{C9457541-C47A-4B6C-A27C-1BD9445C5E17} = {C11A3553-9461-4FA1-931A-DD48ED5C863C}
	EndGlobalSection
EndGlobal
